// !$*UTF8*$!
{
	archiveVersion = 1;
	classes = {
	};
	objectVersion = 70;
	objects = {

/* Begin PBXBuildFile section */
		420D72052C71D5BB00B56439 /* FirebaseAuth in Frameworks */ = {isa = PBXBuildFile; productRef = 420D72042C71D5BB00B56439 /* FirebaseAuth */; };
		420D720D2C71D8AC00B56439 /* FirebaseMessaging in Frameworks */ = {isa = PBXBuildFile; productRef = 420D720C2C71D8AC00B56439 /* FirebaseMessaging */; };
		420D720F2C71DB7F00B56439 /* FirebaseAnalytics in Frameworks */ = {isa = PBXBuildFile; productRef = 420D720E2C71DB7F00B56439 /* FirebaseAnalytics */; };
		829A879C2D423D4200808E43 /* ComposableArchitecture in Frameworks */ = {isa = PBXBuildFile; productRef = 829A879B2D423D4200808E43 /* ComposableArchitecture */; };
		82C43BE22D6496D50093BB60 /* QappleRepository in Frameworks */ = {isa = PBXBuildFile; productRef = 82C43BE12D6496D50093BB60 /* QappleRepository */; };
/* End PBXBuildFile section */

/* Begin PBXContainerItemProxy section */
		2CF3A3552D70416100DAD8BF /* PBXContainerItemProxy */ = {
			isa = PBXContainerItemProxy;
			containerPortal = F3EA66C02B7643EE002417CE /* Project object */;
			proxyType = 1;
			remoteGlobalIDString = F3EA66C72B7643EE002417CE;
			remoteInfo = Qapple;
		};
/* End PBXContainerItemProxy section */

/* Begin PBXFileReference section */
		2CF3A3512D70416100DAD8BF /* QappleTests.xctest */ = {isa = PBXFileReference; explicitFileType = wrapper.cfbundle; includeInIndex = 0; path = QappleTests.xctest; sourceTree = BUILT_PRODUCTS_DIR; };
		F3EA66C82B7643EE002417CE /* Qapple.app */ = {isa = PBXFileReference; explicitFileType = wrapper.application; includeInIndex = 0; path = Qapple.app; sourceTree = BUILT_PRODUCTS_DIR; };
/* End PBXFileReference section */

/* Begin PBXFileSystemSynchronizedBuildFileExceptionSet section */
		820BD9FE2D3E508300178F7E /* PBXFileSystemSynchronizedBuildFileExceptionSet */ = {
			isa = PBXFileSystemSynchronizedBuildFileExceptionSet;
			membershipExceptions = (
				QappleBox/Info.plist,
			);
			target = F3EA66C72B7643EE002417CE /* Qapple */;
		};
/* End PBXFileSystemSynchronizedBuildFileExceptionSet section */

/* Begin PBXFileSystemSynchronizedRootGroup section */
		2CF3A3522D70416100DAD8BF /* QappleTests */ = {isa = PBXFileSystemSynchronizedRootGroup; explicitFileTypes = {}; explicitFolders = (); path = QappleTests; sourceTree = "<group>"; };
		820BD96B2D3E508200178F7E /* Qapple */ = {isa = PBXFileSystemSynchronizedRootGroup; exceptions = (820BD9FE2D3E508300178F7E /* PBXFileSystemSynchronizedBuildFileExceptionSet */, ); explicitFileTypes = {}; explicitFolders = (); path = Qapple; sourceTree = "<group>"; };
		827F390F2D6B24FD00A65538 /* QappleTests */ = {isa = PBXFileSystemSynchronizedRootGroup; explicitFileTypes = {}; explicitFolders = (); path = QappleTests; sourceTree = "<group>"; };
/* End PBXFileSystemSynchronizedRootGroup section */

/* Begin PBXFrameworksBuildPhase section */
		2CF3A34E2D70416100DAD8BF /* Frameworks */ = {
			isa = PBXFrameworksBuildPhase;
			buildActionMask = 2147483647;
			files = (
			);
			runOnlyForDeploymentPostprocessing = 0;
		};
		F3EA66C52B7643EE002417CE /* Frameworks */ = {
			isa = PBXFrameworksBuildPhase;
			buildActionMask = 2147483647;
			files = (
				420D720D2C71D8AC00B56439 /* FirebaseMessaging in Frameworks */,
				420D720F2C71DB7F00B56439 /* FirebaseAnalytics in Frameworks */,
				82C43BE22D6496D50093BB60 /* QappleRepository in Frameworks */,
				829A879C2D423D4200808E43 /* ComposableArchitecture in Frameworks */,
				420D72052C71D5BB00B56439 /* FirebaseAuth in Frameworks */,
			);
			runOnlyForDeploymentPostprocessing = 0;
		};
/* End PBXFrameworksBuildPhase section */

/* Begin PBXGroup section */
		F3EA66BF2B7643EE002417CE = {
			isa = PBXGroup;
			children = (
				820BD96B2D3E508200178F7E /* Qapple */,
				2CF3A3522D70416100DAD8BF /* QappleTests */,
				F3EA66C92B7643EE002417CE /* Products */,
			);
			sourceTree = "<group>";
		};
		F3EA66C92B7643EE002417CE /* Products */ = {
			isa = PBXGroup;
			children = (
				F3EA66C82B7643EE002417CE /* Qapple.app */,
				2CF3A3512D70416100DAD8BF /* QappleTests.xctest */,
			);
			name = Products;
			sourceTree = "<group>";
		};
/* End PBXGroup section */

/* Begin PBXNativeTarget section */
		2CF3A3502D70416100DAD8BF /* QappleTests */ = {
			isa = PBXNativeTarget;
			buildConfigurationList = 2CF3A3592D70416100DAD8BF /* Build configuration list for PBXNativeTarget "QappleTests" */;
			buildPhases = (
				2CF3A34D2D70416100DAD8BF /* Sources */,
				2CF3A34E2D70416100DAD8BF /* Frameworks */,
				2CF3A34F2D70416100DAD8BF /* Resources */,
			);
			buildRules = (
			);
			dependencies = (
				2CF3A3562D70416100DAD8BF /* PBXTargetDependency */,
			);
			fileSystemSynchronizedGroups = (
				2CF3A3522D70416100DAD8BF /* QappleTests */,
			);
			name = QappleTests;
			packageProductDependencies = (
			);
			productName = QappleTests;
			productReference = 2CF3A3512D70416100DAD8BF /* QappleTests.xctest */;
			productType = "com.apple.product-type.bundle.unit-test";
		};
		F3EA66C72B7643EE002417CE /* Qapple */ = {
			isa = PBXNativeTarget;
			buildConfigurationList = F3EA66EC2B7643F0002417CE /* Build configuration list for PBXNativeTarget "Qapple" */;
			buildPhases = (
				F3EA66C42B7643EE002417CE /* Sources */,
				F3EA66C52B7643EE002417CE /* Frameworks */,
				F3EA66C62B7643EE002417CE /* Resources */,
			);
			buildRules = (
			);
			dependencies = (
			);
			fileSystemSynchronizedGroups = (
				820BD96B2D3E508200178F7E /* Qapple */,
			);
			name = Qapple;
			packageProductDependencies = (
				420D72042C71D5BB00B56439 /* FirebaseAuth */,
				420D720C2C71D8AC00B56439 /* FirebaseMessaging */,
				420D720E2C71DB7F00B56439 /* FirebaseAnalytics */,
				829A879B2D423D4200808E43 /* ComposableArchitecture */,
				82C43BE12D6496D50093BB60 /* QappleRepository */,
			);
			productName = Capple;
			productReference = F3EA66C82B7643EE002417CE /* Qapple.app */;
			productType = "com.apple.product-type.application";
		};
/* End PBXNativeTarget section */

/* Begin PBXProject section */
		F3EA66C02B7643EE002417CE /* Project object */ = {
			isa = PBXProject;
			attributes = {
				BuildIndependentTargetsInParallel = 1;
				LastSwiftUpdateCheck = 1600;
				LastUpgradeCheck = 1600;
				TargetAttributes = {
					2CF3A3502D70416100DAD8BF = {
						CreatedOnToolsVersion = 16.0;
						TestTargetID = F3EA66C72B7643EE002417CE;
					};
					F3EA66C72B7643EE002417CE = {
						CreatedOnToolsVersion = 15.1;
					};
				};
			};
			buildConfigurationList = F3EA66C32B7643EE002417CE /* Build configuration list for PBXProject "Qapple" */;
			compatibilityVersion = "Xcode 14.0";
			developmentRegion = en;
			hasScannedForEncodings = 0;
			knownRegions = (
				en,
				Base,
			);
			mainGroup = F3EA66BF2B7643EE002417CE;
			packageReferences = (
				420D72022C71D56400B56439 /* XCRemoteSwiftPackageReference "firebase-ios-sdk" */,
				829A879A2D423D4200808E43 /* XCRemoteSwiftPackageReference "swift-composable-architecture" */,
				82C43BE02D6496D50093BB60 /* XCRemoteSwiftPackageReference "Qapple-Repository" */,
			);
			productRefGroup = F3EA66C92B7643EE002417CE /* Products */;
			projectDirPath = "";
			projectRoot = "";
			targets = (
				F3EA66C72B7643EE002417CE /* Qapple */,
				2CF3A3502D70416100DAD8BF /* QappleTests */,
			);
		};
/* End PBXProject section */

/* Begin PBXResourcesBuildPhase section */
		2CF3A34F2D70416100DAD8BF /* Resources */ = {
			isa = PBXResourcesBuildPhase;
			buildActionMask = 2147483647;
			files = (
			);
			runOnlyForDeploymentPostprocessing = 0;
		};
		F3EA66C62B7643EE002417CE /* Resources */ = {
			isa = PBXResourcesBuildPhase;
			buildActionMask = 2147483647;
			files = (
			);
			runOnlyForDeploymentPostprocessing = 0;
		};
/* End PBXResourcesBuildPhase section */

/* Begin PBXSourcesBuildPhase section */
		2CF3A34D2D70416100DAD8BF /* Sources */ = {
			isa = PBXSourcesBuildPhase;
			buildActionMask = 2147483647;
			files = (
			);
			runOnlyForDeploymentPostprocessing = 0;
		};
		F3EA66C42B7643EE002417CE /* Sources */ = {
			isa = PBXSourcesBuildPhase;
			buildActionMask = 2147483647;
			files = (
			);
			runOnlyForDeploymentPostprocessing = 0;
		};
/* End PBXSourcesBuildPhase section */

/* Begin PBXTargetDependency section */
		2CF3A3562D70416100DAD8BF /* PBXTargetDependency */ = {
			isa = PBXTargetDependency;
			target = F3EA66C72B7643EE002417CE /* Qapple */;
			targetProxy = 2CF3A3552D70416100DAD8BF /* PBXContainerItemProxy */;
		};
/* End PBXTargetDependency section */

/* Begin XCBuildConfiguration section */
		2CF3A3572D70416100DAD8BF /* Debug */ = {
			isa = XCBuildConfiguration;
			buildSettings = {
				BUNDLE_LOADER = "$(TEST_HOST)";
				CODE_SIGN_STYLE = Automatic;
				CURRENT_PROJECT_VERSION = 1;
				DEVELOPMENT_TEAM = 7YZM4XMXXU;
				GENERATE_INFOPLIST_FILE = YES;
				IPHONEOS_DEPLOYMENT_TARGET = 18.0;
				MARKETING_VERSION = 1.0;
				PRODUCT_BUNDLE_IDENTIFIER = com.mooni.QappleTests;
				PRODUCT_NAME = "$(TARGET_NAME)";
				SWIFT_EMIT_LOC_STRINGS = NO;
				SWIFT_VERSION = 5.0;
				TARGETED_DEVICE_FAMILY = "1,2";
				TEST_HOST = "$(BUILT_PRODUCTS_DIR)/Qapple.app/$(BUNDLE_EXECUTABLE_FOLDER_PATH)/Qapple";
			};
			name = Debug;
		};
		2CF3A3582D70416100DAD8BF /* Release */ = {
			isa = XCBuildConfiguration;
			buildSettings = {
				BUNDLE_LOADER = "$(TEST_HOST)";
				CODE_SIGN_STYLE = Automatic;
				CURRENT_PROJECT_VERSION = 1;
				DEVELOPMENT_TEAM = 7YZM4XMXXU;
				GENERATE_INFOPLIST_FILE = YES;
				IPHONEOS_DEPLOYMENT_TARGET = 18.0;
				MARKETING_VERSION = 1.0;
				PRODUCT_BUNDLE_IDENTIFIER = com.mooni.QappleTests;
				PRODUCT_NAME = "$(TARGET_NAME)";
				SWIFT_EMIT_LOC_STRINGS = NO;
				SWIFT_VERSION = 5.0;
				TARGETED_DEVICE_FAMILY = "1,2";
				TEST_HOST = "$(BUILT_PRODUCTS_DIR)/Qapple.app/$(BUNDLE_EXECUTABLE_FOLDER_PATH)/Qapple";
			};
			name = Release;
		};
		F3EA66EA2B7643F0002417CE /* Debug */ = {
			isa = XCBuildConfiguration;
			baseConfigurationReferenceAnchor = 820BD96B2D3E508200178F7E /* Qapple */;
			baseConfigurationReferenceRelativePath = QappleBox/Secrets.xcconfig;
			buildSettings = {
				ALWAYS_SEARCH_USER_PATHS = NO;
				ASSETCATALOG_COMPILER_GENERATE_SWIFT_ASSET_SYMBOL_EXTENSIONS = YES;
				CLANG_ANALYZER_NONNULL = YES;
				CLANG_ANALYZER_NUMBER_OBJECT_CONVERSION = YES_AGGRESSIVE;
				CLANG_CXX_LANGUAGE_STANDARD = "gnu++20";
				CLANG_ENABLE_MODULES = YES;
				CLANG_ENABLE_OBJC_ARC = YES;
				CLANG_ENABLE_OBJC_WEAK = YES;
				CLANG_WARN_BLOCK_CAPTURE_AUTORELEASING = YES;
				CLANG_WARN_BOOL_CONVERSION = YES;
				CLANG_WARN_COMMA = YES;
				CLANG_WARN_CONSTANT_CONVERSION = YES;
				CLANG_WARN_DEPRECATED_OBJC_IMPLEMENTATIONS = YES;
				CLANG_WARN_DIRECT_OBJC_ISA_USAGE = YES_ERROR;
				CLANG_WARN_DOCUMENTATION_COMMENTS = YES;
				CLANG_WARN_EMPTY_BODY = YES;
				CLANG_WARN_ENUM_CONVERSION = YES;
				CLANG_WARN_INFINITE_RECURSION = YES;
				CLANG_WARN_INT_CONVERSION = YES;
				CLANG_WARN_NON_LITERAL_NULL_CONVERSION = YES;
				CLANG_WARN_OBJC_IMPLICIT_RETAIN_SELF = YES;
				CLANG_WARN_OBJC_LITERAL_CONVERSION = YES;
				CLANG_WARN_OBJC_ROOT_CLASS = YES_ERROR;
				CLANG_WARN_QUOTED_INCLUDE_IN_FRAMEWORK_HEADER = YES;
				CLANG_WARN_RANGE_LOOP_ANALYSIS = YES;
				CLANG_WARN_STRICT_PROTOTYPES = YES;
				CLANG_WARN_SUSPICIOUS_MOVE = YES;
				CLANG_WARN_UNGUARDED_AVAILABILITY = YES_AGGRESSIVE;
				CLANG_WARN_UNREACHABLE_CODE = YES;
				CLANG_WARN__DUPLICATE_METHOD_MATCH = YES;
				COPY_PHASE_STRIP = NO;
				DEBUG_INFORMATION_FORMAT = dwarf;
				ENABLE_STRICT_OBJC_MSGSEND = YES;
				ENABLE_TESTABILITY = YES;
				ENABLE_USER_SCRIPT_SANDBOXING = YES;
				GCC_C_LANGUAGE_STANDARD = gnu17;
				GCC_DYNAMIC_NO_PIC = NO;
				GCC_NO_COMMON_BLOCKS = YES;
				GCC_OPTIMIZATION_LEVEL = 0;
				GCC_PREPROCESSOR_DEFINITIONS = (
					"DEBUG=1",
					"$(inherited)",
				);
				GCC_WARN_64_TO_32_BIT_CONVERSION = YES;
				GCC_WARN_ABOUT_RETURN_TYPE = YES_ERROR;
				GCC_WARN_UNDECLARED_SELECTOR = YES;
				GCC_WARN_UNINITIALIZED_AUTOS = YES_AGGRESSIVE;
				GCC_WARN_UNUSED_FUNCTION = YES;
				GCC_WARN_UNUSED_VARIABLE = YES;
				"INFOPLIST_FILE[sdk=*]" = "";
				IPHONEOS_DEPLOYMENT_TARGET = 17.2;
				LOCALIZATION_PREFERS_STRING_CATALOGS = YES;
				MTL_ENABLE_DEBUG_INFO = INCLUDE_SOURCE;
				MTL_FAST_MATH = YES;
				ONLY_ACTIVE_ARCH = YES;
				SDKROOT = iphoneos;
				SWIFT_ACTIVE_COMPILATION_CONDITIONS = "DEBUG $(inherited)";
				SWIFT_OPTIMIZATION_LEVEL = "-Onone";
			};
			name = Debug;
		};
		F3EA66EB2B7643F0002417CE /* Release */ = {
			isa = XCBuildConfiguration;
			baseConfigurationReferenceAnchor = 820BD96B2D3E508200178F7E /* Qapple */;
			baseConfigurationReferenceRelativePath = QappleBox/Secrets.xcconfig;
			buildSettings = {
				ALWAYS_SEARCH_USER_PATHS = NO;
				ASSETCATALOG_COMPILER_GENERATE_SWIFT_ASSET_SYMBOL_EXTENSIONS = YES;
				CLANG_ANALYZER_NONNULL = YES;
				CLANG_ANALYZER_NUMBER_OBJECT_CONVERSION = YES_AGGRESSIVE;
				CLANG_CXX_LANGUAGE_STANDARD = "gnu++20";
				CLANG_ENABLE_MODULES = YES;
				CLANG_ENABLE_OBJC_ARC = YES;
				CLANG_ENABLE_OBJC_WEAK = YES;
				CLANG_WARN_BLOCK_CAPTURE_AUTORELEASING = YES;
				CLANG_WARN_BOOL_CONVERSION = YES;
				CLANG_WARN_COMMA = YES;
				CLANG_WARN_CONSTANT_CONVERSION = YES;
				CLANG_WARN_DEPRECATED_OBJC_IMPLEMENTATIONS = YES;
				CLANG_WARN_DIRECT_OBJC_ISA_USAGE = YES_ERROR;
				CLANG_WARN_DOCUMENTATION_COMMENTS = YES;
				CLANG_WARN_EMPTY_BODY = YES;
				CLANG_WARN_ENUM_CONVERSION = YES;
				CLANG_WARN_INFINITE_RECURSION = YES;
				CLANG_WARN_INT_CONVERSION = YES;
				CLANG_WARN_NON_LITERAL_NULL_CONVERSION = YES;
				CLANG_WARN_OBJC_IMPLICIT_RETAIN_SELF = YES;
				CLANG_WARN_OBJC_LITERAL_CONVERSION = YES;
				CLANG_WARN_OBJC_ROOT_CLASS = YES_ERROR;
				CLANG_WARN_QUOTED_INCLUDE_IN_FRAMEWORK_HEADER = YES;
				CLANG_WARN_RANGE_LOOP_ANALYSIS = YES;
				CLANG_WARN_STRICT_PROTOTYPES = YES;
				CLANG_WARN_SUSPICIOUS_MOVE = YES;
				CLANG_WARN_UNGUARDED_AVAILABILITY = YES_AGGRESSIVE;
				CLANG_WARN_UNREACHABLE_CODE = YES;
				CLANG_WARN__DUPLICATE_METHOD_MATCH = YES;
				COPY_PHASE_STRIP = NO;
				DEBUG_INFORMATION_FORMAT = "dwarf-with-dsym";
				ENABLE_NS_ASSERTIONS = NO;
				ENABLE_STRICT_OBJC_MSGSEND = YES;
				ENABLE_USER_SCRIPT_SANDBOXING = YES;
				GCC_C_LANGUAGE_STANDARD = gnu17;
				GCC_NO_COMMON_BLOCKS = YES;
				GCC_WARN_64_TO_32_BIT_CONVERSION = YES;
				GCC_WARN_ABOUT_RETURN_TYPE = YES_ERROR;
				GCC_WARN_UNDECLARED_SELECTOR = YES;
				GCC_WARN_UNINITIALIZED_AUTOS = YES_AGGRESSIVE;
				GCC_WARN_UNUSED_FUNCTION = YES;
				GCC_WARN_UNUSED_VARIABLE = YES;
				IPHONEOS_DEPLOYMENT_TARGET = 17.2;
				LOCALIZATION_PREFERS_STRING_CATALOGS = YES;
				MTL_ENABLE_DEBUG_INFO = NO;
				MTL_FAST_MATH = YES;
				SDKROOT = iphoneos;
				SWIFT_COMPILATION_MODE = wholemodule;
				VALIDATE_PRODUCT = YES;
			};
			name = Release;
		};
		F3EA66ED2B7643F0002417CE /* Debug */ = {
			isa = XCBuildConfiguration;
			baseConfigurationReferenceAnchor = 820BD96B2D3E508200178F7E /* Qapple */;
			baseConfigurationReferenceRelativePath = QappleBox/Secrets.xcconfig;
			buildSettings = {
				ASSETCATALOG_COMPILER_APPICON_NAME = AppIcon;
				ASSETCATALOG_COMPILER_GLOBAL_ACCENT_COLOR_NAME = AccentColor;
				CODE_SIGN_ENTITLEMENTS = Qapple/QappleBox/Qapple.entitlements;
				CODE_SIGN_STYLE = Automatic;
				CURRENT_PROJECT_VERSION = 2502120107;
				DEVELOPMENT_ASSET_PATHS = "\"Qapple/Resource/Preview Content\"";
				DEVELOPMENT_TEAM = 7YZM4XMXXU;
				ENABLE_PREVIEWS = YES;
				GENERATE_INFOPLIST_FILE = YES;
				INFOPLIST_FILE = Qapple/QappleBox/Info.plist;
				INFOPLIST_KEY_CFBundleDisplayName = Qapple;
				INFOPLIST_KEY_LSApplicationCategoryType = "public.app-category.social-networking";
				INFOPLIST_KEY_UIApplicationSceneManifest_Generation = YES;
				INFOPLIST_KEY_UIApplicationSupportsIndirectInputEvents = YES;
				INFOPLIST_KEY_UILaunchScreen_Generation = YES;
				INFOPLIST_KEY_UIStatusBarStyle = UIStatusBarStyleDarkContent;
				INFOPLIST_KEY_UISupportedInterfaceOrientations = UIInterfaceOrientationPortrait;
				INFOPLIST_KEY_UIUserInterfaceStyle = Dark;
				IPHONEOS_DEPLOYMENT_TARGET = 17.0;
				LD_RUNPATH_SEARCH_PATHS = (
					"$(inherited)",
					"@executable_path/Frameworks",
				);
				MARKETING_VERSION = 3.0.1;
				PRODUCT_BUNDLE_IDENTIFIER = "com.qapple.Apple-Developer-Academy-POSTECH";
				PRODUCT_NAME = "$(TARGET_NAME)";
				SUPPORTED_PLATFORMS = "iphoneos iphonesimulator";
				SUPPORTS_MACCATALYST = NO;
				SUPPORTS_MAC_DESIGNED_FOR_IPHONE_IPAD = YES;
				SUPPORTS_XR_DESIGNED_FOR_IPHONE_IPAD = NO;
				SWIFT_EMIT_LOC_STRINGS = YES;
				SWIFT_VERSION = 5.0;
				TARGETED_DEVICE_FAMILY = 1;
			};
			name = Debug;
		};
		F3EA66EE2B7643F0002417CE /* Release */ = {
			isa = XCBuildConfiguration;
			baseConfigurationReferenceAnchor = 820BD96B2D3E508200178F7E /* Qapple */;
			baseConfigurationReferenceRelativePath = QappleBox/Secrets.xcconfig;
			buildSettings = {
				ASSETCATALOG_COMPILER_APPICON_NAME = AppIcon;
				ASSETCATALOG_COMPILER_GLOBAL_ACCENT_COLOR_NAME = AccentColor;
				CODE_SIGN_ENTITLEMENTS = Qapple/QappleBox/Qapple.entitlements;
				CODE_SIGN_STYLE = Automatic;
				CURRENT_PROJECT_VERSION = 2502120107;
				DEVELOPMENT_ASSET_PATHS = "\"Qapple/Resource/Preview Content\"";
				DEVELOPMENT_TEAM = 7YZM4XMXXU;
				ENABLE_PREVIEWS = YES;
				GENERATE_INFOPLIST_FILE = YES;
				INFOPLIST_FILE = Qapple/QappleBox/Info.plist;
				INFOPLIST_KEY_CFBundleDisplayName = Qapple;
				INFOPLIST_KEY_LSApplicationCategoryType = "public.app-category.social-networking";
				INFOPLIST_KEY_UIApplicationSceneManifest_Generation = YES;
				INFOPLIST_KEY_UIApplicationSupportsIndirectInputEvents = YES;
				INFOPLIST_KEY_UILaunchScreen_Generation = YES;
				INFOPLIST_KEY_UIStatusBarStyle = UIStatusBarStyleDarkContent;
				INFOPLIST_KEY_UISupportedInterfaceOrientations = UIInterfaceOrientationPortrait;
				INFOPLIST_KEY_UIUserInterfaceStyle = Dark;
				IPHONEOS_DEPLOYMENT_TARGET = 17.0;
				LD_RUNPATH_SEARCH_PATHS = (
					"$(inherited)",
					"@executable_path/Frameworks",
				);
				MARKETING_VERSION = 3.0.1;
				PRODUCT_BUNDLE_IDENTIFIER = "com.qapple.Apple-Developer-Academy-POSTECH";
				PRODUCT_NAME = "$(TARGET_NAME)";
				SUPPORTED_PLATFORMS = "iphoneos iphonesimulator";
				SUPPORTS_MACCATALYST = NO;
				SUPPORTS_MAC_DESIGNED_FOR_IPHONE_IPAD = YES;
				SUPPORTS_XR_DESIGNED_FOR_IPHONE_IPAD = NO;
				SWIFT_EMIT_LOC_STRINGS = YES;
				SWIFT_VERSION = 5.0;
				TARGETED_DEVICE_FAMILY = 1;
			};
			name = Release;
		};
/* End XCBuildConfiguration section */

/* Begin XCConfigurationList section */
		2CF3A3592D70416100DAD8BF /* Build configuration list for PBXNativeTarget "QappleTests" */ = {
			isa = XCConfigurationList;
			buildConfigurations = (
				2CF3A3572D70416100DAD8BF /* Debug */,
				2CF3A3582D70416100DAD8BF /* Release */,
			);
			defaultConfigurationIsVisible = 0;
			defaultConfigurationName = Release;
		};
		F3EA66C32B7643EE002417CE /* Build configuration list for PBXProject "Qapple" */ = {
			isa = XCConfigurationList;
			buildConfigurations = (
				F3EA66EA2B7643F0002417CE /* Debug */,
				F3EA66EB2B7643F0002417CE /* Release */,
			);
			defaultConfigurationIsVisible = 0;
			defaultConfigurationName = Release;
		};
		F3EA66EC2B7643F0002417CE /* Build configuration list for PBXNativeTarget "Qapple" */ = {
			isa = XCConfigurationList;
			buildConfigurations = (
				F3EA66ED2B7643F0002417CE /* Debug */,
				F3EA66EE2B7643F0002417CE /* Release */,
			);
			defaultConfigurationIsVisible = 0;
			defaultConfigurationName = Release;
		};
/* End XCConfigurationList section */

/* Begin XCRemoteSwiftPackageReference section */
		420D72022C71D56400B56439 /* XCRemoteSwiftPackageReference "firebase-ios-sdk" */ = {
			isa = XCRemoteSwiftPackageReference;
			repositoryURL = "https://github.com/firebase/firebase-ios-sdk";
			requirement = {
				kind = upToNextMajorVersion;
				minimumVersion = 11.0.0;
			};
		};
		829A879A2D423D4200808E43 /* XCRemoteSwiftPackageReference "swift-composable-architecture" */ = {
			isa = XCRemoteSwiftPackageReference;
			repositoryURL = "https://github.com/pointfreeco/swift-composable-architecture.git";
			requirement = {
				kind = upToNextMajorVersion;
				minimumVersion = 1.17.1;
			};
		};
		82C43BE02D6496D50093BB60 /* XCRemoteSwiftPackageReference "Qapple-Repository" */ = {
			isa = XCRemoteSwiftPackageReference;
			repositoryURL = "https://github.com/Team-Capple/Qapple-Repository.git";
			requirement = {
				branch = main;
				kind = branch;
			};
		};
/* End XCRemoteSwiftPackageReference section */

/* Begin XCSwiftPackageProductDependency section */
		420D72042C71D5BB00B56439 /* FirebaseAuth */ = {
			isa = XCSwiftPackageProductDependency;
			package = 420D72022C71D56400B56439 /* XCRemoteSwiftPackageReference "firebase-ios-sdk" */;
			productName = FirebaseAuth;
		};
		420D720C2C71D8AC00B56439 /* FirebaseMessaging */ = {
			isa = XCSwiftPackageProductDependency;
			package = 420D72022C71D56400B56439 /* XCRemoteSwiftPackageReference "firebase-ios-sdk" */;
			productName = FirebaseMessaging;
		};
		420D720E2C71DB7F00B56439 /* FirebaseAnalytics */ = {
			isa = XCSwiftPackageProductDependency;
			package = 420D72022C71D56400B56439 /* XCRemoteSwiftPackageReference "firebase-ios-sdk" */;
			productName = FirebaseAnalytics;
		};
		829A879B2D423D4200808E43 /* ComposableArchitecture */ = {
			isa = XCSwiftPackageProductDependency;
			package = 829A879A2D423D4200808E43 /* XCRemoteSwiftPackageReference "swift-composable-architecture" */;
			productName = ComposableArchitecture;
		};
		82C43BE12D6496D50093BB60 /* QappleRepository */ = {
			isa = XCSwiftPackageProductDependency;
			package = 82C43BE02D6496D50093BB60 /* XCRemoteSwiftPackageReference "Qapple-Repository" */;
			productName = QappleRepository;
		};
/* End XCSwiftPackageProductDependency section */
	};
	rootObject = F3EA66C02B7643EE002417CE /* Project object */;
}
